// !$*UTF8*$!
{
	archiveVersion = 1;
	classes = {
	};
	objectVersion = 50;
	objects = {

/* Begin PBXBuildFile section */
		B31CCD2A26B7D75A00E8287A /* AppDelegate.swift in Sources */ = {isa = PBXBuildFile; fileRef = B31CCD2926B7D75A00E8287A /* AppDelegate.swift */; };
		B31CCD2C26B7D75A00E8287A /* SceneDelegate.swift in Sources */ = {isa = PBXBuildFile; fileRef = B31CCD2B26B7D75A00E8287A /* SceneDelegate.swift */; };
		B31CCD3126B7D75A00E8287A /* Main.storyboard in Resources */ = {isa = PBXBuildFile; fileRef = B31CCD2F26B7D75A00E8287A /* Main.storyboard */; };
		B31CCD3426B7D75A00E8287A /* Diary.xcdatamodeld in Sources */ = {isa = PBXBuildFile; fileRef = B31CCD3226B7D75A00E8287A /* Diary.xcdatamodeld */; };
		B31CCD3626B7D75C00E8287A /* Assets.xcassets in Resources */ = {isa = PBXBuildFile; fileRef = B31CCD3526B7D75C00E8287A /* Assets.xcassets */; };
		B31CCD3926B7D75C00E8287A /* LaunchScreen.storyboard in Resources */ = {isa = PBXBuildFile; fileRef = B31CCD3726B7D75C00E8287A /* LaunchScreen.storyboard */; };
		B31CCD4326B92CD200E8287A /* AlbumCollectionViewController.swift in Sources */ = {isa = PBXBuildFile; fileRef = B31CCD4226B92CD200E8287A /* AlbumCollectionViewController.swift */; };
		B31CCD4526B92E3700E8287A /* DiaryListViewControllerTableViewController.swift in Sources */ = {isa = PBXBuildFile; fileRef = B31CCD4426B92E3700E8287A /* DiaryListViewControllerTableViewController.swift */; };
		B31CCD4926B92FAA00E8287A /* AddDiaryViewController.swift in Sources */ = {isa = PBXBuildFile; fileRef = B31CCD4826B92FAA00E8287A /* AddDiaryViewController.swift */; };
		B31CCD4D26B9301F00E8287A /* DetailDiaryViewController.swift in Sources */ = {isa = PBXBuildFile; fileRef = B31CCD4C26B9301F00E8287A /* DetailDiaryViewController.swift */; };
		B31CCD5026B9616200E8287A /* 너굴맨2.jpeg in Resources */ = {isa = PBXBuildFile; fileRef = B31CCD4E26B9616100E8287A /* 너굴맨2.jpeg */; };
		B31CCD5326BAB16100E8287A /* 너굴맨1.jpeg in Resources */ = {isa = PBXBuildFile; fileRef = B31CCD5226BAB16000E8287A /* 너굴맨1.jpeg */; };
/* End PBXBuildFile section */

/* Begin PBXFileReference section */
		B31CCD2626B7D75A00E8287A /* Diary.app */ = {isa = PBXFileReference; explicitFileType = wrapper.application; includeInIndex = 0; path = Diary.app; sourceTree = BUILT_PRODUCTS_DIR; };
		B31CCD2926B7D75A00E8287A /* AppDelegate.swift */ = {isa = PBXFileReference; lastKnownFileType = sourcecode.swift; path = AppDelegate.swift; sourceTree = "<group>"; };
		B31CCD2B26B7D75A00E8287A /* SceneDelegate.swift */ = {isa = PBXFileReference; lastKnownFileType = sourcecode.swift; path = SceneDelegate.swift; sourceTree = "<group>"; };
		B31CCD3026B7D75A00E8287A /* Base */ = {isa = PBXFileReference; lastKnownFileType = file.storyboard; name = Base; path = Base.lproj/Main.storyboard; sourceTree = "<group>"; };
		B31CCD3326B7D75A00E8287A /* Diary.xcdatamodel */ = {isa = PBXFileReference; lastKnownFileType = wrapper.xcdatamodel; path = Diary.xcdatamodel; sourceTree = "<group>"; };
		B31CCD3526B7D75C00E8287A /* Assets.xcassets */ = {isa = PBXFileReference; lastKnownFileType = folder.assetcatalog; path = Assets.xcassets; sourceTree = "<group>"; };
		B31CCD3826B7D75C00E8287A /* Base */ = {isa = PBXFileReference; lastKnownFileType = file.storyboard; name = Base; path = Base.lproj/LaunchScreen.storyboard; sourceTree = "<group>"; };
		B31CCD3A26B7D75C00E8287A /* Info.plist */ = {isa = PBXFileReference; lastKnownFileType = text.plist.xml; path = Info.plist; sourceTree = "<group>"; };
		B31CCD4226B92CD200E8287A /* AlbumCollectionViewController.swift */ = {isa = PBXFileReference; lastKnownFileType = sourcecode.swift; path = AlbumCollectionViewController.swift; sourceTree = "<group>"; };
		B31CCD4426B92E3700E8287A /* DiaryListViewControllerTableViewController.swift */ = {isa = PBXFileReference; lastKnownFileType = sourcecode.swift; path = DiaryListViewControllerTableViewController.swift; sourceTree = "<group>"; };
		B31CCD4826B92FAA00E8287A /* AddDiaryViewController.swift */ = {isa = PBXFileReference; lastKnownFileType = sourcecode.swift; path = AddDiaryViewController.swift; sourceTree = "<group>"; };
		B31CCD4C26B9301F00E8287A /* DetailDiaryViewController.swift */ = {isa = PBXFileReference; lastKnownFileType = sourcecode.swift; path = DetailDiaryViewController.swift; sourceTree = "<group>"; };
		B31CCD4E26B9616100E8287A /* 너굴맨2.jpeg */ = {isa = PBXFileReference; lastKnownFileType = image.jpeg; path = "너굴맨2.jpeg"; sourceTree = "<group>"; };
		B31CCD5226BAB16000E8287A /* 너굴맨1.jpeg */ = {isa = PBXFileReference; lastKnownFileType = image.jpeg; path = "너굴맨1.jpeg"; sourceTree = "<group>"; };
/* End PBXFileReference section */

/* Begin PBXFrameworksBuildPhase section */
		B31CCD2326B7D75A00E8287A /* Frameworks */ = {
			isa = PBXFrameworksBuildPhase;
			buildActionMask = 2147483647;
			files = (
			);
			runOnlyForDeploymentPostprocessing = 0;
		};
/* End PBXFrameworksBuildPhase section */

/* Begin PBXGroup section */
		B31CCD1D26B7D75A00E8287A = {
			isa = PBXGroup;
			children = (
				B31CCD2826B7D75A00E8287A /* Diary */,
				B31CCD2726B7D75A00E8287A /* Products */,
			);
			sourceTree = "<group>";
		};
		B31CCD2726B7D75A00E8287A /* Products */ = {
			isa = PBXGroup;
			children = (
				B31CCD2626B7D75A00E8287A /* Diary.app */,
			);
			name = Products;
			sourceTree = "<group>";
		};
		B31CCD2826B7D75A00E8287A /* Diary */ = {
			isa = PBXGroup;
			children = (
				B31CCD5226BAB16000E8287A /* 너굴맨1.jpeg */,
				B31CCD4E26B9616100E8287A /* 너굴맨2.jpeg */,
				B31CCD2926B7D75A00E8287A /* AppDelegate.swift */,
				B31CCD2B26B7D75A00E8287A /* SceneDelegate.swift */,
				B31CCD2F26B7D75A00E8287A /* Main.storyboard */,
				B31CCD4C26B9301F00E8287A /* DetailDiaryViewController.swift */,
				B31CCD4226B92CD200E8287A /* AlbumCollectionViewController.swift */,
				B31CCD4426B92E3700E8287A /* DiaryListViewControllerTableViewController.swift */,
				B31CCD4826B92FAA00E8287A /* AddDiaryViewController.swift */,
				B31CCD3526B7D75C00E8287A /* Assets.xcassets */,
				B31CCD3726B7D75C00E8287A /* LaunchScreen.storyboard */,
				B31CCD3A26B7D75C00E8287A /* Info.plist */,
				B31CCD3226B7D75A00E8287A /* Diary.xcdatamodeld */,
			);
			path = Diary;
			sourceTree = "<group>";
		};
/* End PBXGroup section */

/* Begin PBXNativeTarget section */
		B31CCD2526B7D75A00E8287A /* Diary */ = {
			isa = PBXNativeTarget;
			buildConfigurationList = B31CCD3D26B7D75C00E8287A /* Build configuration list for PBXNativeTarget "Diary" */;
			buildPhases = (
				B31CCD2226B7D75A00E8287A /* Sources */,
				B31CCD2326B7D75A00E8287A /* Frameworks */,
				B31CCD2426B7D75A00E8287A /* Resources */,
			);
			buildRules = (
			);
			dependencies = (
			);
			name = Diary;
			productName = Diary;
			productReference = B31CCD2626B7D75A00E8287A /* Diary.app */;
			productType = "com.apple.product-type.application";
		};
/* End PBXNativeTarget section */

/* Begin PBXProject section */
		B31CCD1E26B7D75A00E8287A /* Project object */ = {
			isa = PBXProject;
			attributes = {
				LastSwiftUpdateCheck = 1250;
				LastUpgradeCheck = 1250;
				TargetAttributes = {
					B31CCD2526B7D75A00E8287A = {
						CreatedOnToolsVersion = 12.5.1;
					};
				};
			};
			buildConfigurationList = B31CCD2126B7D75A00E8287A /* Build configuration list for PBXProject "Diary" */;
			compatibilityVersion = "Xcode 9.3";
			developmentRegion = en;
			hasScannedForEncodings = 0;
			knownRegions = (
				en,
				Base,
			);
			mainGroup = B31CCD1D26B7D75A00E8287A;
			productRefGroup = B31CCD2726B7D75A00E8287A /* Products */;
			projectDirPath = "";
			projectRoot = "";
			targets = (
				B31CCD2526B7D75A00E8287A /* Diary */,
			);
		};
/* End PBXProject section */

/* Begin PBXResourcesBuildPhase section */
		B31CCD2426B7D75A00E8287A /* Resources */ = {
			isa = PBXResourcesBuildPhase;
			buildActionMask = 2147483647;
			files = (
				B31CCD3926B7D75C00E8287A /* LaunchScreen.storyboard in Resources */,
				B31CCD5326BAB16100E8287A /* 너굴맨1.jpeg in Resources */,
				B31CCD3626B7D75C00E8287A /* Assets.xcassets in Resources */,
				B31CCD3126B7D75A00E8287A /* Main.storyboard in Resources */,
				B31CCD5026B9616200E8287A /* 너굴맨2.jpeg in Resources */,
			);
			runOnlyForDeploymentPostprocessing = 0;
		};
/* End PBXResourcesBuildPhase section */

/* Begin PBXSourcesBuildPhase section */
		B31CCD2226B7D75A00E8287A /* Sources */ = {
			isa = PBXSourcesBuildPhase;
			buildActionMask = 2147483647;
			files = (
				B31CCD4326B92CD200E8287A /* AlbumCollectionViewController.swift in Sources */,
				B31CCD2A26B7D75A00E8287A /* AppDelegate.swift in Sources */,
				B31CCD4526B92E3700E8287A /* DiaryListViewControllerTableViewController.swift in Sources */,
				B31CCD4D26B9301F00E8287A /* DetailDiaryViewController.swift in Sources */,
				B31CCD2C26B7D75A00E8287A /* SceneDelegate.swift in Sources */,
				B31CCD4926B92FAA00E8287A /* AddDiaryViewController.swift in Sources */,
				B31CCD3426B7D75A00E8287A /* Diary.xcdatamodeld in Sources */,
			);
			runOnlyForDeploymentPostprocessing = 0;
		};
/* End PBXSourcesBuildPhase section */

/* Begin PBXVariantGroup section */
		B31CCD2F26B7D75A00E8287A /* Main.storyboard */ = {
			isa = PBXVariantGroup;
			children = (
				B31CCD3026B7D75A00E8287A /* Base */,
			);
			name = Main.storyboard;
			sourceTree = "<group>";
		};
		B31CCD3726B7D75C00E8287A /* LaunchScreen.storyboard */ = {
			isa = PBXVariantGroup;
			children = (
				B31CCD3826B7D75C00E8287A /* Base */,
			);
			name = LaunchScreen.storyboard;
			sourceTree = "<group>";
		};
/* End PBXVariantGroup section */

/* Begin XCBuildConfiguration section */
		B31CCD3B26B7D75C00E8287A /* Debug */ = {
			isa = XCBuildConfiguration;
			buildSettings = {
				ALWAYS_SEARCH_USER_PATHS = NO;
				CLANG_ANALYZER_NONNULL = YES;
				CLANG_ANALYZER_NUMBER_OBJECT_CONVERSION = YES_AGGRESSIVE;
				CLANG_CXX_LANGUAGE_STANDARD = "gnu++14";
				CLANG_CXX_LIBRARY = "libc++";
				CLANG_ENABLE_MODULES = YES;
				CLANG_ENABLE_OBJC_ARC = YES;
				CLANG_ENABLE_OBJC_WEAK = YES;
				CLANG_WARN_BLOCK_CAPTURE_AUTORELEASING = YES;
				CLANG_WARN_BOOL_CONVERSION = YES;
				CLANG_WARN_COMMA = YES;
				CLANG_WARN_CONSTANT_CONVERSION = YES;
				CLANG_WARN_DEPRECATED_OBJC_IMPLEMENTATIONS = YES;
				CLANG_WARN_DIRECT_OBJC_ISA_USAGE = YES_ERROR;
				CLANG_WARN_DOCUMENTATION_COMMENTS = YES;
				CLANG_WARN_EMPTY_BODY = YES;
				CLANG_WARN_ENUM_CONVERSION = YES;
				CLANG_WARN_INFINITE_RECURSION = YES;
				CLANG_WARN_INT_CONVERSION = YES;
				CLANG_WARN_NON_LITERAL_NULL_CONVERSION = YES;
				CLANG_WARN_OBJC_IMPLICIT_RETAIN_SELF = YES;
				CLANG_WARN_OBJC_LITERAL_CONVERSION = YES;
				CLANG_WARN_OBJC_ROOT_CLASS = YES_ERROR;
				CLANG_WARN_QUOTED_INCLUDE_IN_FRAMEWORK_HEADER = YES;
				CLANG_WARN_RANGE_LOOP_ANALYSIS = YES;
				CLANG_WARN_STRICT_PROTOTYPES = YES;
				CLANG_WARN_SUSPICIOUS_MOVE = YES;
				CLANG_WARN_UNGUARDED_AVAILABILITY = YES_AGGRESSIVE;
				CLANG_WARN_UNREACHABLE_CODE = YES;
				CLANG_WARN__DUPLICATE_METHOD_MATCH = YES;
				COPY_PHASE_STRIP = NO;
				DEBUG_INFORMATION_FORMAT = dwarf;
				ENABLE_STRICT_OBJC_MSGSEND = YES;
				ENABLE_TESTABILITY = YES;
				GCC_C_LANGUAGE_STANDARD = gnu11;
				GCC_DYNAMIC_NO_PIC = NO;
				GCC_NO_COMMON_BLOCKS = YES;
				GCC_OPTIMIZATION_LEVEL = 0;
				GCC_PREPROCESSOR_DEFINITIONS = (
					"DEBUG=1",
					"$(inherited)",
				);
				GCC_WARN_64_TO_32_BIT_CONVERSION = YES;
				GCC_WARN_ABOUT_RETURN_TYPE = YES_ERROR;
				GCC_WARN_UNDECLARED_SELECTOR = YES;
				GCC_WARN_UNINITIALIZED_AUTOS = YES_AGGRESSIVE;
				GCC_WARN_UNUSED_FUNCTION = YES;
				GCC_WARN_UNUSED_VARIABLE = YES;
				IPHONEOS_DEPLOYMENT_TARGET = 14.5;
				MTL_ENABLE_DEBUG_INFO = INCLUDE_SOURCE;
				MTL_FAST_MATH = YES;
				ONLY_ACTIVE_ARCH = YES;
				SDKROOT = iphoneos;
				SWIFT_ACTIVE_COMPILATION_CONDITIONS = DEBUG;
				SWIFT_OPTIMIZATION_LEVEL = "-Onone";
			};
			name = Debug;
		};
		B31CCD3C26B7D75C00E8287A /* Release */ = {
			isa = XCBuildConfiguration;
			buildSettings = {
				ALWAYS_SEARCH_USER_PATHS = NO;
				CLANG_ANALYZER_NONNULL = YES;
				CLANG_ANALYZER_NUMBER_OBJECT_CONVERSION = YES_AGGRESSIVE;
				CLANG_CXX_LANGUAGE_STANDARD = "gnu++14";
				CLANG_CXX_LIBRARY = "libc++";
				CLANG_ENABLE_MODULES = YES;
				CLANG_ENABLE_OBJC_ARC = YES;
				CLANG_ENABLE_OBJC_WEAK = YES;
				CLANG_WARN_BLOCK_CAPTURE_AUTORELEASING = YES;
				CLANG_WARN_BOOL_CONVERSION = YES;
				CLANG_WARN_COMMA = YES;
				CLANG_WARN_CONSTANT_CONVERSION = YES;
				CLANG_WARN_DEPRECATED_OBJC_IMPLEMENTATIONS = YES;
				CLANG_WARN_DIRECT_OBJC_ISA_USAGE = YES_ERROR;
				CLANG_WARN_DOCUMENTATION_COMMENTS = YES;
				CLANG_WARN_EMPTY_BODY = YES;
				CLANG_WARN_ENUM_CONVERSION = YES;
				CLANG_WARN_INFINITE_RECURSION = YES;
				CLANG_WARN_INT_CONVERSION = YES;
				CLANG_WARN_NON_LITERAL_NULL_CONVERSION = YES;
				CLANG_WARN_OBJC_IMPLICIT_RETAIN_SELF = YES;
				CLANG_WARN_OBJC_LITERAL_CONVERSION = YES;
				CLANG_WARN_OBJC_ROOT_CLASS = YES_ERROR;
				CLANG_WARN_QUOTED_INCLUDE_IN_FRAMEWORK_HEADER = YES;
				CLANG_WARN_RANGE_LOOP_ANALYSIS = YES;
				CLANG_WARN_STRICT_PROTOTYPES = YES;
				CLANG_WARN_SUSPICIOUS_MOVE = YES;
				CLANG_WARN_UNGUARDED_AVAILABILITY = YES_AGGRESSIVE;
				CLANG_WARN_UNREACHABLE_CODE = YES;
				CLANG_WARN__DUPLICATE_METHOD_MATCH = YES;
				COPY_PHASE_STRIP = NO;
				DEBUG_INFORMATION_FORMAT = "dwarf-with-dsym";
				ENABLE_NS_ASSERTIONS = NO;
				ENABLE_STRICT_OBJC_MSGSEND = YES;
				GCC_C_LANGUAGE_STANDARD = gnu11;
				GCC_NO_COMMON_BLOCKS = YES;
				GCC_WARN_64_TO_32_BIT_CONVERSION = YES;
				GCC_WARN_ABOUT_RETURN_TYPE = YES_ERROR;
				GCC_WARN_UNDECLARED_SELECTOR = YES;
				GCC_WARN_UNINITIALIZED_AUTOS = YES_AGGRESSIVE;
				GCC_WARN_UNUSED_FUNCTION = YES;
				GCC_WARN_UNUSED_VARIABLE = YES;
				IPHONEOS_DEPLOYMENT_TARGET = 14.5;
				MTL_ENABLE_DEBUG_INFO = NO;
				MTL_FAST_MATH = YES;
				SDKROOT = iphoneos;
				SWIFT_COMPILATION_MODE = wholemodule;
				SWIFT_OPTIMIZATION_LEVEL = "-O";
				VALIDATE_PRODUCT = YES;
			};
			name = Release;
		};
		B31CCD3E26B7D75C00E8287A /* Debug */ = {
			isa = XCBuildConfiguration;
			buildSettings = {
				ASSETCATALOG_COMPILER_APPICON_NAME = AppIcon;
				ASSETCATALOG_COMPILER_GLOBAL_ACCENT_COLOR_NAME = AccentColor;
				CODE_SIGN_STYLE = Automatic;
				DEVELOPMENT_TEAM = 9FL2F2U32R;
				INFOPLIST_FILE = Diary/Info.plist;
				IPHONEOS_DEPLOYMENT_TARGET = 13.4;
				LD_RUNPATH_SEARCH_PATHS = (
					"$(inherited)",
					"@executable_path/Frameworks",
				);
				PRODUCT_BUNDLE_IDENTIFIER = yeaju.Diary;
				PRODUCT_NAME = "$(TARGET_NAME)";
				SWIFT_VERSION = 5.0;
				TARGETED_DEVICE_FAMILY = "1,2";
			};
			name = Debug;
		};
		B31CCD3F26B7D75C00E8287A /* Release */ = {
			isa = XCBuildConfiguration;
			buildSettings = {
				ASSETCATALOG_COMPILER_APPICON_NAME = AppIcon;
				ASSETCATALOG_COMPILER_GLOBAL_ACCENT_COLOR_NAME = AccentColor;
				CODE_SIGN_STYLE = Automatic;
				DEVELOPMENT_TEAM = 9FL2F2U32R;
				INFOPLIST_FILE = Diary/Info.plist;
				IPHONEOS_DEPLOYMENT_TARGET = 13.4;
				LD_RUNPATH_SEARCH_PATHS = (
					"$(inherited)",
					"@executable_path/Frameworks",
				);
				PRODUCT_BUNDLE_IDENTIFIER = yeaju.Diary;
				PRODUCT_NAME = "$(TARGET_NAME)";
				SWIFT_VERSION = 5.0;
				TARGETED_DEVICE_FAMILY = "1,2";
			};
			name = Release;
		};
/* End XCBuildConfiguration section */

/* Begin XCConfigurationList section */
		B31CCD2126B7D75A00E8287A /* Build configuration list for PBXProject "Diary" */ = {
			isa = XCConfigurationList;
			buildConfigurations = (
				B31CCD3B26B7D75C00E8287A /* Debug */,
				B31CCD3C26B7D75C00E8287A /* Release */,
			);
			defaultConfigurationIsVisible = 0;
			defaultConfigurationName = Release;
		};
		B31CCD3D26B7D75C00E8287A /* Build configuration list for PBXNativeTarget "Diary" */ = {
			isa = XCConfigurationList;
			buildConfigurations = (
				B31CCD3E26B7D75C00E8287A /* Debug */,
				B31CCD3F26B7D75C00E8287A /* Release */,
			);
			defaultConfigurationIsVisible = 0;
			defaultConfigurationName = Release;
		};
/* End XCConfigurationList section */

/* Begin XCVersionGroup section */
		B31CCD3226B7D75A00E8287A /* Diary.xcdatamodeld */ = {
			isa = XCVersionGroup;
			children = (
				B31CCD3326B7D75A00E8287A /* Diary.xcdatamodel */,
			);
			currentVersion = B31CCD3326B7D75A00E8287A /* Diary.xcdatamodel */;
			path = Diary.xcdatamodeld;
			sourceTree = "<group>";
			versionGroupType = wrapper.xcdatamodel;
		};
/* End XCVersionGroup section */
	};
	rootObject = B31CCD1E26B7D75A00E8287A /* Project object */;
}
